Microsoft Visual Studio Solution File, Format Version 11.00
# Visual Studio 2008

Project("{B393C9DA-6CE1-4CE9-B135-80227DB18A33}") = "PopPolyLens", "Assembly-CSharp.csproj", "{0E7520B7-F420-083A-4CC3-5745AB809808}"
EndProject
Global
	GlobalSection(SolutionConfigurationPlatforms) = preSolution
		Debug|Any CPU = Debug|Any CPU
		Release|Any CPU = Release|Any CPU
	EndGlobalSection
	GlobalSection(ProjectConfigurationPlatforms) = postSolution
		{0E7520B7-F420-083A-4CC3-5745AB809808}.Debug|Any CPU.ActiveCfg = Debug|Any CPU
		{0E7520B7-F420-083A-4CC3-5745AB809808}.Debug|Any CPU.Build.0 = Debug|Any CPU
		{0E7520B7-F420-083A-4CC3-5745AB809808}.Release|Any CPU.ActiveCfg = Release|Any CPU
		{0E7520B7-F420-083A-4CC3-5745AB809808}.Release|Any CPU.Build.0 = Release|Any CPU
	EndGlobalSection
	GlobalSection(SolutionProperties) = preSolution
		HideSolutionNode = FALSE
	EndGlobalSection
	GlobalSection(MonoDevelopProperties) = preSolution
		StartupItem = Assembly-CSharp.csproj
	EndGlobalSection
EndGlobal
